
Microsoft Visual Studio Solution File, Format Version 12.00
# Visual Studio 15
VisualStudioVersion = 15.0.27130.2026
MinimumVisualStudioVersion = 10.0.40219.1
Project("{FAE04EC0-301F-11D3-BF4B-00C04F79EFBC}") = "FindMinPing", "FindMinPing\FindMinPing.csproj", "{1423729D-ED49-418D-8561-DA3719574CAB}"
EndProject
Project("{FAE04EC0-301F-11D3-BF4B-00C04F79EFBC}") = "FindMinPingAndroid", "FindMinPingAndroid\FindMinPingAndroid.csproj", "{B6F482D7-F114-437D-8E0D-13E23F31713C}"
EndProject
Project("{FAE04EC0-301F-11D3-BF4B-00C04F79EFBC}") = "CommonLibrary", "CommonLibrary\CommonLibrary.csproj", "{C01B2580-A4AD-404D-B63C-28E90DCE8342}"
EndProject
Global
	GlobalSection(SolutionConfigurationPlatforms) = preSolution
		Debug|Any CPU = Debug|Any CPU
		Release|Any CPU = Release|Any CPU
	EndGlobalSection
	GlobalSection(ProjectConfigurationPlatforms) = postSolution
		{1423729D-ED49-418D-8561-DA3719574CAB}.Debug|Any CPU.ActiveCfg = Debug|Any CPU
		{1423729D-ED49-418D-8561-DA3719574CAB}.Debug|Any CPU.Build.0 = Debug|Any CPU
		{1423729D-ED49-418D-8561-DA3719574CAB}.Release|Any CPU.ActiveCfg = Release|Any CPU
		{1423729D-ED49-418D-8561-DA3719574CAB}.Release|Any CPU.Build.0 = Release|Any CPU
		{B6F482D7-F114-437D-8E0D-13E23F31713C}.Debug|Any CPU.ActiveCfg = Debug|Any CPU
		{B6F482D7-F114-437D-8E0D-13E23F31713C}.Debug|Any CPU.Build.0 = Debug|Any CPU
		{B6F482D7-F114-437D-8E0D-13E23F31713C}.Debug|Any CPU.Deploy.0 = Debug|Any CPU
		{B6F482D7-F114-437D-8E0D-13E23F31713C}.Release|Any CPU.ActiveCfg = Release|Any CPU
		{B6F482D7-F114-437D-8E0D-13E23F31713C}.Release|Any CPU.Build.0 = Release|Any CPU
		{B6F482D7-F114-437D-8E0D-13E23F31713C}.Release|Any CPU.Deploy.0 = Release|Any CPU
		{C01B2580-A4AD-404D-B63C-28E90DCE8342}.Debug|Any CPU.ActiveCfg = Debug|Any CPU
		{C01B2580-A4AD-404D-B63C-28E90DCE8342}.Debug|Any CPU.Build.0 = Debug|Any CPU
		{C01B2580-A4AD-404D-B63C-28E90DCE8342}.Release|Any CPU.ActiveCfg = Release|Any CPU
		{C01B2580-A4AD-404D-B63C-28E90DCE8342}.Release|Any CPU.Build.0 = Release|Any CPU
	EndGlobalSection
	GlobalSection(SolutionProperties) = preSolution
		HideSolutionNode = FALSE
	EndGlobalSection
	GlobalSection(ExtensibilityGlobals) = postSolution
		SolutionGuid = {9673A382-04F4-45E9-8260-2D021683ABCA}
	EndGlobalSection
EndGlobal
